
Microsoft Visual Studio Solution File, Format Version 12.00
Project("{FAE04EC0-301F-11D3-BF4B-00C04F79EFBC}") = "LearnDotNet", "LearnDotNet.csproj", "{3F258D99-CE01-4D5D-A5D5-43E51279E1FF}"
EndProject
Global
	GlobalSection(SolutionConfigurationPlatforms) = preSolution
		Debug|Any CPU = Debug|Any CPU
		Release|Any CPU = Release|Any CPU
	EndGlobalSection
	GlobalSection(ProjectConfigurationPlatforms) = postSolution
		{3F258D99-CE01-4D5D-A5D5-43E51279E1FF}.Debug|Any CPU.ActiveCfg = Debug|Any CPU
		{3F258D99-CE01-4D5D-A5D5-43E51279E1FF}.Debug|Any CPU.Build.0 = Debug|Any CPU
		{3F258D99-CE01-4D5D-A5D5-43E51279E1FF}.Release|Any CPU.ActiveCfg = Release|Any CPU
		{3F258D99-CE01-4D5D-A5D5-43E51279E1FF}.Release|Any CPU.Build.0 = Release|Any CPU
	EndGlobalSection
EndGlobal
